
Microsoft Visual Studio Solution File, Format Version 12.00
# Visual Studio Version 16
VisualStudioVersion = 16.0.29009.5
MinimumVisualStudioVersion = 10.0.40219.1
Project("{8BC9CEB8-8B4A-11D0-8D11-00A0C91BC942}") = "uart", "uart\uart.vcxproj", "{17DCA2AD-CDE4-420F-9E15-655B68675340}"
EndProject
Global
	GlobalSection(SolutionConfigurationPlatforms) = preSolution
		Debug|Win32 = Debug|Win32
		Release|Win32 = Release|Win32
	EndGlobalSection
	GlobalSection(ProjectConfigurationPlatforms) = postSolution
		{17DCA2AD-CDE4-420F-9E15-655B68675340}.Debug|Win32.ActiveCfg = Debug|Win32
		{17DCA2AD-CDE4-420F-9E15-655B68675340}.Debug|Win32.Build.0 = Debug|Win32
		{17DCA2AD-CDE4-420F-9E15-655B68675340}.Release|Win32.ActiveCfg = Release|Win32
		{17DCA2AD-CDE4-420F-9E15-655B68675340}.Release|Win32.Build.0 = Release|Win32
	EndGlobalSection
	GlobalSection(SolutionProperties) = preSolution
		HideSolutionNode = FALSE
	EndGlobalSection
	GlobalSection(ExtensibilityGlobals) = postSolution
		SolutionGuid = {13337B49-6083-4183-9F07-D6135A857E79}
	EndGlobalSection
EndGlobal
