
Microsoft Visual Studio Solution File, Format Version 12.00
# Visual Studio 14
VisualStudioVersion = 14.0.25420.1
MinimumVisualStudioVersion = 10.0.40219.1
Project("{8BC9CEB8-8B4A-11D0-8D11-00A0C91BC942}") = "i2cmaster", "i2cmaster\i2cmaster.vcxproj", "{5017410A-5B77-4FDB-A1CF-DD0AE0934510}"
EndProject
Project("{8BC9CEB8-8B4A-11D0-8D11-00A0C91BC942}") = "spimaster", "spimaster\spimaster.vcxproj", "{095E5D58-72B2-48ED-A6ED-4FB6F52EFE75}"
EndProject
Project("{8BC9CEB8-8B4A-11D0-8D11-00A0C91BC942}") = "uart", "uart\uart.vcxproj", "{17DCA2AD-CDE4-420F-9E15-655B68675340}"
EndProject
Global
	GlobalSection(SolutionConfigurationPlatforms) = preSolution
		Debug|Win32 = Debug|Win32
		Release|Win32 = Release|Win32
	EndGlobalSection
	GlobalSection(ProjectConfigurationPlatforms) = postSolution
		{5017410A-5B77-4FDB-A1CF-DD0AE0934510}.Debug|Win32.ActiveCfg = Debug|Win32
		{5017410A-5B77-4FDB-A1CF-DD0AE0934510}.Debug|Win32.Build.0 = Debug|Win32
		{5017410A-5B77-4FDB-A1CF-DD0AE0934510}.Release|Win32.ActiveCfg = Release|Win32
		{5017410A-5B77-4FDB-A1CF-DD0AE0934510}.Release|Win32.Build.0 = Release|Win32
		{095E5D58-72B2-48ED-A6ED-4FB6F52EFE75}.Debug|Win32.ActiveCfg = Debug|Win32
		{095E5D58-72B2-48ED-A6ED-4FB6F52EFE75}.Debug|Win32.Build.0 = Debug|Win32
		{095E5D58-72B2-48ED-A6ED-4FB6F52EFE75}.Release|Win32.ActiveCfg = Release|Win32
		{095E5D58-72B2-48ED-A6ED-4FB6F52EFE75}.Release|Win32.Build.0 = Release|Win32
		{17DCA2AD-CDE4-420F-9E15-655B68675340}.Debug|Win32.ActiveCfg = Debug|Win32
		{17DCA2AD-CDE4-420F-9E15-655B68675340}.Debug|Win32.Build.0 = Debug|Win32
		{17DCA2AD-CDE4-420F-9E15-655B68675340}.Release|Win32.ActiveCfg = Release|Win32
		{17DCA2AD-CDE4-420F-9E15-655B68675340}.Release|Win32.Build.0 = Release|Win32
	EndGlobalSection
	GlobalSection(SolutionProperties) = preSolution
		HideSolutionNode = FALSE
	EndGlobalSection
EndGlobal
